
Microsoft Visual Studio Solution File, Format Version 12.00
# Visual Studio Version 17
VisualStudioVersion = 17.9.34616.47
MinimumVisualStudioVersion = 10.0.40219.1
Project("{FAE04EC0-301F-11D3-BF4B-00C04F79EFBC}") = "Mechnomancy", "Mechnomancy\Mechnomancy.csproj", "{C13B928F-0B66-479E-B8AC-0FA5BE778E0E}"
EndProject
Project("{FAE04EC0-301F-11D3-BF4B-00C04F79EFBC}") = "TestProject1", "TestProject1\TestProject1.csproj", "{AB6243E4-044C-4DE0-8081-F71F34115302}"
EndProject
Global
	GlobalSection(SolutionConfigurationPlatforms) = preSolution
		Debug|Any CPU = Debug|Any CPU
		Release|Any CPU = Release|Any CPU
	EndGlobalSection
	GlobalSection(ProjectConfigurationPlatforms) = postSolution
		{C13B928F-0B66-479E-B8AC-0FA5BE778E0E}.Debug|Any CPU.ActiveCfg = Debug|Any CPU
		{C13B928F-0B66-479E-B8AC-0FA5BE778E0E}.Debug|Any CPU.Build.0 = Debug|Any CPU
		{C13B928F-0B66-479E-B8AC-0FA5BE778E0E}.Release|Any CPU.ActiveCfg = Release|Any CPU
		{C13B928F-0B66-479E-B8AC-0FA5BE778E0E}.Release|Any CPU.Build.0 = Release|Any CPU
		{AB6243E4-044C-4DE0-8081-F71F34115302}.Debug|Any CPU.ActiveCfg = Debug|Any CPU
		{AB6243E4-044C-4DE0-8081-F71F34115302}.Debug|Any CPU.Build.0 = Debug|Any CPU
		{AB6243E4-044C-4DE0-8081-F71F34115302}.Release|Any CPU.ActiveCfg = Release|Any CPU
		{AB6243E4-044C-4DE0-8081-F71F34115302}.Release|Any CPU.Build.0 = Release|Any CPU
	EndGlobalSection
	GlobalSection(SolutionProperties) = preSolution
		HideSolutionNode = FALSE
	EndGlobalSection
	GlobalSection(ExtensibilityGlobals) = postSolution
		SolutionGuid = {D43F109F-4431-4677-9BCA-79F7810D1983}
	EndGlobalSection
EndGlobal
